// !$*UTF8*$!
{
	archiveVersion = 1;
	classes = {
	};
	objectVersion = 50;
	objects = {

/* Begin PBXBuildFile section */
		9C1E4CDB21F2D481009EB36F /* testSet.cpp in Sources */ = {isa = PBXBuildFile; fileRef = 9C1E4CD821F2D481009EB36F /* testSet.cpp */; };
		9C1E4CE521F2D4C0009EB36F /* testnewSet.cpp in Sources */ = {isa = PBXBuildFile; fileRef = 9C1E4CE321F2D4BF009EB36F /* testnewSet.cpp */; };
		9C1E4CE621F2D4C0009EB36F /* newSet.cpp in Sources */ = {isa = PBXBuildFile; fileRef = 9C1E4CE421F2D4BF009EB36F /* newSet.cpp */; };
		9C1E4CEB21F2D7E1009EB36F /* testSSNSet.cpp in Sources */ = {isa = PBXBuildFile; fileRef = 9C1E4CE821F2D7E1009EB36F /* testSSNSet.cpp */; };
		9C1E4CED21F2D7E1009EB36F /* SSNSet.cpp in Sources */ = {isa = PBXBuildFile; fileRef = 9C1E4CEA21F2D7E1009EB36F /* SSNSet.cpp */; };
		9C1E4CF221F2DA67009EB36F /* Set.cpp in Sources */ = {isa = PBXBuildFile; fileRef = 9C1E4CF121F2DA67009EB36F /* Set.cpp */; };
/* End PBXBuildFile section */

/* Begin PBXCopyFilesBuildPhase section */
		9CC93E7B21F2CF4C00A2914B /* CopyFiles */ = {
			isa = PBXCopyFilesBuildPhase;
			buildActionMask = 2147483647;
			dstPath = /usr/share/man/man1/;
			dstSubfolderSpec = 0;
			files = (
			);
			runOnlyForDeploymentPostprocessing = 1;
		};
		9CC93E9821F2D0BA00A2914B /* CopyFiles */ = {
			isa = PBXCopyFilesBuildPhase;
			buildActionMask = 2147483647;
			dstPath = /usr/share/man/man1/;
			dstSubfolderSpec = 0;
			files = (
			);
			runOnlyForDeploymentPostprocessing = 1;
		};
		9CC93EA621F2D0DD00A2914B /* CopyFiles */ = {
			isa = PBXCopyFilesBuildPhase;
			buildActionMask = 2147483647;
			dstPath = /usr/share/man/man1/;
			dstSubfolderSpec = 0;
			files = (
			);
			runOnlyForDeploymentPostprocessing = 1;
		};
		9CC93EC021F2D1DE00A2914B /* CopyFiles */ = {
			isa = PBXCopyFilesBuildPhase;
			buildActionMask = 2147483647;
			dstPath = /usr/share/man/man1/;
			dstSubfolderSpec = 0;
			files = (
			);
			runOnlyForDeploymentPostprocessing = 1;
		};
/* End PBXCopyFilesBuildPhase section */

/* Begin PBXFileReference section */
		9C1E4CD321F2D32C009EB36F /* Homework1 */ = {isa = PBXFileReference; explicitFileType = "compiled.mach-o.executable"; includeInIndex = 0; name = Homework1; path = /Users/jinyiqiao/Desktop/Git/CS32/Projects/Homework1/build/Debug/Homework1; sourceTree = "<absolute>"; };
		9C1E4CD421F2D32C009EB36F /* Set */ = {isa = PBXFileReference; explicitFileType = "compiled.mach-o.executable"; includeInIndex = 0; name = Set; path = /Users/jinyiqiao/Desktop/Git/CS32/Projects/Homework1/build/Debug/Set; sourceTree = "<absolute>"; };
		9C1E4CD521F2D32C009EB36F /* SSNSet */ = {isa = PBXFileReference; explicitFileType = "compiled.mach-o.executable"; includeInIndex = 0; name = SSNSet; path = /Users/jinyiqiao/Desktop/Git/CS32/Projects/Homework1/build/Debug/SSNSet; sourceTree = "<absolute>"; };
		9C1E4CD821F2D481009EB36F /* testSet.cpp */ = {isa = PBXFileReference; fileEncoding = 4; lastKnownFileType = sourcecode.cpp.cpp; path = testSet.cpp; sourceTree = SOURCE_ROOT; };
		9C1E4CE221F2D4BF009EB36F /* newSet.h */ = {isa = PBXFileReference; fileEncoding = 4; lastKnownFileType = sourcecode.c.h; path = newSet.h; sourceTree = SOURCE_ROOT; };
		9C1E4CE321F2D4BF009EB36F /* testnewSet.cpp */ = {isa = PBXFileReference; fileEncoding = 4; lastKnownFileType = sourcecode.cpp.cpp; path = testnewSet.cpp; sourceTree = SOURCE_ROOT; };
		9C1E4CE421F2D4BF009EB36F /* newSet.cpp */ = {isa = PBXFileReference; fileEncoding = 4; lastKnownFileType = sourcecode.cpp.cpp; path = newSet.cpp; sourceTree = SOURCE_ROOT; };
		9C1E4CE721F2D7E1009EB36F /* SSNSet.h */ = {isa = PBXFileReference; fileEncoding = 4; lastKnownFileType = sourcecode.c.h; path = SSNSet.h; sourceTree = SOURCE_ROOT; };
		9C1E4CE821F2D7E1009EB36F /* testSSNSet.cpp */ = {isa = PBXFileReference; fileEncoding = 4; lastKnownFileType = sourcecode.cpp.cpp; path = testSSNSet.cpp; sourceTree = SOURCE_ROOT; };
		9C1E4CEA21F2D7E1009EB36F /* SSNSet.cpp */ = {isa = PBXFileReference; fileEncoding = 4; lastKnownFileType = sourcecode.cpp.cpp; path = SSNSet.cpp; sourceTree = SOURCE_ROOT; };
		9C1E4CF021F2DA3D009EB36F /* Set.h */ = {isa = PBXFileReference; fileEncoding = 4; lastKnownFileType = sourcecode.c.h; path = Set.h; sourceTree = SOURCE_ROOT; };
		9C1E4CF121F2DA67009EB36F /* Set.cpp */ = {isa = PBXFileReference; fileEncoding = 4; lastKnownFileType = sourcecode.cpp.cpp; path = Set.cpp; sourceTree = SOURCE_ROOT; };
		9CC93EA821F2D0DD00A2914B /* newSet */ = {isa = PBXFileReference; explicitFileType = "compiled.mach-o.executable"; includeInIndex = 0; name = newSet; path = /Users/jinyiqiao/Desktop/Git/CS32/Projects/Homework1/build/Debug/newSet; sourceTree = "<absolute>"; };
/* End PBXFileReference section */

/* Begin PBXFrameworksBuildPhase section */
		9CC93E7A21F2CF4C00A2914B /* Frameworks */ = {
			isa = PBXFrameworksBuildPhase;
			buildActionMask = 2147483647;
			files = (
			);
			runOnlyForDeploymentPostprocessing = 0;
		};
		9CC93E9721F2D0BA00A2914B /* Frameworks */ = {
			isa = PBXFrameworksBuildPhase;
			buildActionMask = 2147483647;
			files = (
			);
			runOnlyForDeploymentPostprocessing = 0;
		};
		9CC93EA521F2D0DD00A2914B /* Frameworks */ = {
			isa = PBXFrameworksBuildPhase;
			buildActionMask = 2147483647;
			files = (
			);
			runOnlyForDeploymentPostprocessing = 0;
		};
		9CC93EBF21F2D1DE00A2914B /* Frameworks */ = {
			isa = PBXFrameworksBuildPhase;
			buildActionMask = 2147483647;
			files = (
			);
			runOnlyForDeploymentPostprocessing = 0;
		};
/* End PBXFrameworksBuildPhase section */

/* Begin PBXGroup section */
		9CC93E7421F2CF4C00A2914B = {
			isa = PBXGroup;
			children = (
				9CC93E9B21F2D0BA00A2914B /* Set */,
				9CC93EC321F2D1DE00A2914B /* SSNSet */,
				9CC93EA921F2D0DD00A2914B /* newSet */,
			);
			sourceTree = "<group>";
		};
		9CC93E9B21F2D0BA00A2914B /* Set */ = {
			isa = PBXGroup;
			children = (
				9C1E4CF021F2DA3D009EB36F /* Set.h */,
				9C1E4CF121F2DA67009EB36F /* Set.cpp */,
				9C1E4CD821F2D481009EB36F /* testSet.cpp */,
			);
			path = Set;
			sourceTree = "<group>";
		};
		9CC93EA921F2D0DD00A2914B /* newSet */ = {
			isa = PBXGroup;
			children = (
				9C1E4CE421F2D4BF009EB36F /* newSet.cpp */,
				9C1E4CE221F2D4BF009EB36F /* newSet.h */,
				9C1E4CE321F2D4BF009EB36F /* testnewSet.cpp */,
			);
			path = newSet;
			sourceTree = "<group>";
		};
		9CC93EC321F2D1DE00A2914B /* SSNSet */ = {
			isa = PBXGroup;
			children = (
				9C1E4CEA21F2D7E1009EB36F /* SSNSet.cpp */,
				9C1E4CE721F2D7E1009EB36F /* SSNSet.h */,
				9C1E4CE821F2D7E1009EB36F /* testSSNSet.cpp */,
			);
			path = SSNSet;
			sourceTree = "<group>";
		};
/* End PBXGroup section */

/* Begin PBXNativeTarget section */
		9CC93E7C21F2CF4C00A2914B /* Homework1 */ = {
			isa = PBXNativeTarget;
			buildConfigurationList = 9CC93E8421F2CF4C00A2914B /* Build configuration list for PBXNativeTarget "Homework1" */;
			buildPhases = (
				9CC93E7921F2CF4C00A2914B /* Sources */,
				9CC93E7A21F2CF4C00A2914B /* Frameworks */,
				9CC93E7B21F2CF4C00A2914B /* CopyFiles */,
			);
			buildRules = (
			);
			dependencies = (
			);
			name = Homework1;
			productName = Set;
			productReference = 9C1E4CD321F2D32C009EB36F /* Homework1 */;
			productType = "com.apple.product-type.tool";
		};
		9CC93E9921F2D0BA00A2914B /* Set */ = {
			isa = PBXNativeTarget;
			buildConfigurationList = 9CC93E9E21F2D0BA00A2914B /* Build configuration list for PBXNativeTarget "Set" */;
			buildPhases = (
				9CC93E9621F2D0BA00A2914B /* Sources */,
				9CC93E9721F2D0BA00A2914B /* Frameworks */,
				9CC93E9821F2D0BA00A2914B /* CopyFiles */,
			);
			buildRules = (
			);
			dependencies = (
			);
			name = Set;
			productName = Set;
			productReference = 9C1E4CD421F2D32C009EB36F /* Set */;
			productType = "com.apple.product-type.tool";
		};
		9CC93EA721F2D0DD00A2914B /* newSet */ = {
			isa = PBXNativeTarget;
			buildConfigurationList = 9CC93EAC21F2D0DD00A2914B /* Build configuration list for PBXNativeTarget "newSet" */;
			buildPhases = (
				9CC93EA421F2D0DD00A2914B /* Sources */,
				9CC93EA521F2D0DD00A2914B /* Frameworks */,
				9CC93EA621F2D0DD00A2914B /* CopyFiles */,
			);
			buildRules = (
			);
			dependencies = (
			);
			name = newSet;
			productName = newSet;
			productReference = 9CC93EA821F2D0DD00A2914B /* newSet */;
			productType = "com.apple.product-type.tool";
		};
		9CC93EC121F2D1DE00A2914B /* SSNSet */ = {
			isa = PBXNativeTarget;
			buildConfigurationList = 9CC93EC621F2D1DE00A2914B /* Build configuration list for PBXNativeTarget "SSNSet" */;
			buildPhases = (
				9CC93EBE21F2D1DE00A2914B /* Sources */,
				9CC93EBF21F2D1DE00A2914B /* Frameworks */,
				9CC93EC021F2D1DE00A2914B /* CopyFiles */,
			);
			buildRules = (
			);
			dependencies = (
			);
			name = SSNSet;
			productName = SSNSet;
			productReference = 9C1E4CD521F2D32C009EB36F /* SSNSet */;
			productType = "com.apple.product-type.tool";
		};
/* End PBXNativeTarget section */

/* Begin PBXProject section */
		9CC93E7521F2CF4C00A2914B /* Project object */ = {
			isa = PBXProject;
			attributes = {
				LastUpgradeCheck = 1010;
				ORGANIZATIONNAME = Ahren;
				TargetAttributes = {
					9CC93E7C21F2CF4C00A2914B = {
						CreatedOnToolsVersion = 10.1;
					};
					9CC93E9921F2D0BA00A2914B = {
						CreatedOnToolsVersion = 10.1;
					};
					9CC93EA721F2D0DD00A2914B = {
						CreatedOnToolsVersion = 10.1;
					};
					9CC93EC121F2D1DE00A2914B = {
						CreatedOnToolsVersion = 10.1;
					};
				};
			};
			buildConfigurationList = 9CC93E7821F2CF4C00A2914B /* Build configuration list for PBXProject "Homework1" */;
			compatibilityVersion = "Xcode 9.3";
			developmentRegion = en;
			hasScannedForEncodings = 0;
			knownRegions = (
				en,
			);
			mainGroup = 9CC93E7421F2CF4C00A2914B;
			productRefGroup = 9CC93E7421F2CF4C00A2914B;
			projectDirPath = "";
			projectRoot = "";
			targets = (
				9CC93E7C21F2CF4C00A2914B /* Homework1 */,
				9CC93E9921F2D0BA00A2914B /* Set */,
				9CC93EA721F2D0DD00A2914B /* newSet */,
				9CC93EC121F2D1DE00A2914B /* SSNSet */,
			);
		};
/* End PBXProject section */

/* Begin PBXSourcesBuildPhase section */
		9CC93E7921F2CF4C00A2914B /* Sources */ = {
			isa = PBXSourcesBuildPhase;
			buildActionMask = 2147483647;
			files = (
			);
			runOnlyForDeploymentPostprocessing = 0;
		};
		9CC93E9621F2D0BA00A2914B /* Sources */ = {
			isa = PBXSourcesBuildPhase;
			buildActionMask = 2147483647;
			files = (
				9C1E4CF221F2DA67009EB36F /* Set.cpp in Sources */,
				9C1E4CDB21F2D481009EB36F /* testSet.cpp in Sources */,
			);
			runOnlyForDeploymentPostprocessing = 0;
		};
		9CC93EA421F2D0DD00A2914B /* Sources */ = {
			isa = PBXSourcesBuildPhase;
			buildActionMask = 2147483647;
			files = (
				9C1E4CE521F2D4C0009EB36F /* testnewSet.cpp in Sources */,
				9C1E4CE621F2D4C0009EB36F /* newSet.cpp in Sources */,
			);
			runOnlyForDeploymentPostprocessing = 0;
		};
		9CC93EBE21F2D1DE00A2914B /* Sources */ = {
			isa = PBXSourcesBuildPhase;
			buildActionMask = 2147483647;
			files = (
				9C1E4CEB21F2D7E1009EB36F /* testSSNSet.cpp in Sources */,
				9C1E4CED21F2D7E1009EB36F /* SSNSet.cpp in Sources */,
			);
			runOnlyForDeploymentPostprocessing = 0;
		};
/* End PBXSourcesBuildPhase section */

/* Begin XCBuildConfiguration section */
		9CC93E8221F2CF4C00A2914B /* Debug */ = {
			isa = XCBuildConfiguration;
			buildSettings = {
				ALWAYS_SEARCH_USER_PATHS = NO;
				CLANG_ANALYZER_NONNULL = YES;
				CLANG_ANALYZER_NUMBER_OBJECT_CONVERSION = YES_AGGRESSIVE;
				CLANG_CXX_LANGUAGE_STANDARD = "gnu++14";
				CLANG_CXX_LIBRARY = "libc++";
				CLANG_ENABLE_MODULES = YES;
				CLANG_ENABLE_OBJC_ARC = YES;
				CLANG_ENABLE_OBJC_WEAK = YES;
				CLANG_WARN_BLOCK_CAPTURE_AUTORELEASING = YES;
				CLANG_WARN_BOOL_CONVERSION = YES;
				CLANG_WARN_COMMA = YES;
				CLANG_WARN_CONSTANT_CONVERSION = YES;
				CLANG_WARN_DEPRECATED_OBJC_IMPLEMENTATIONS = YES;
				CLANG_WARN_DIRECT_OBJC_ISA_USAGE = YES_ERROR;
				CLANG_WARN_DOCUMENTATION_COMMENTS = YES;
				CLANG_WARN_EMPTY_BODY = YES;
				CLANG_WARN_ENUM_CONVERSION = YES;
				CLANG_WARN_INFINITE_RECURSION = YES;
				CLANG_WARN_INT_CONVERSION = YES;
				CLANG_WARN_NON_LITERAL_NULL_CONVERSION = YES;
				CLANG_WARN_OBJC_IMPLICIT_RETAIN_SELF = YES;
				CLANG_WARN_OBJC_LITERAL_CONVERSION = YES;
				CLANG_WARN_OBJC_ROOT_CLASS = YES_ERROR;
				CLANG_WARN_RANGE_LOOP_ANALYSIS = YES;
				CLANG_WARN_STRICT_PROTOTYPES = YES;
				CLANG_WARN_SUSPICIOUS_MOVE = YES;
				CLANG_WARN_UNGUARDED_AVAILABILITY = YES_AGGRESSIVE;
				CLANG_WARN_UNREACHABLE_CODE = YES;
				CLANG_WARN__DUPLICATE_METHOD_MATCH = YES;
				CODE_SIGN_IDENTITY = "-";
				COPY_PHASE_STRIP = NO;
				DEBUG_INFORMATION_FORMAT = dwarf;
				ENABLE_STRICT_OBJC_MSGSEND = YES;
				ENABLE_TESTABILITY = YES;
				GCC_C_LANGUAGE_STANDARD = gnu11;
				GCC_DYNAMIC_NO_PIC = NO;
				GCC_NO_COMMON_BLOCKS = YES;
				GCC_OPTIMIZATION_LEVEL = 0;
				GCC_PREPROCESSOR_DEFINITIONS = (
					"DEBUG=1",
					"$(inherited)",
				);
				GCC_WARN_64_TO_32_BIT_CONVERSION = YES;
				GCC_WARN_ABOUT_RETURN_TYPE = YES_ERROR;
				GCC_WARN_UNDECLARED_SELECTOR = YES;
				GCC_WARN_UNINITIALIZED_AUTOS = YES_AGGRESSIVE;
				GCC_WARN_UNUSED_FUNCTION = YES;
				GCC_WARN_UNUSED_VARIABLE = YES;
				MACOSX_DEPLOYMENT_TARGET = 10.14;
				MTL_ENABLE_DEBUG_INFO = INCLUDE_SOURCE;
				MTL_FAST_MATH = YES;
				ONLY_ACTIVE_ARCH = YES;
				SDKROOT = macosx;
			};
			name = Debug;
		};
		9CC93E8321F2CF4C00A2914B /* Release */ = {
			isa = XCBuildConfiguration;
			buildSettings = {
				ALWAYS_SEARCH_USER_PATHS = NO;
				CLANG_ANALYZER_NONNULL = YES;
				CLANG_ANALYZER_NUMBER_OBJECT_CONVERSION = YES_AGGRESSIVE;
				CLANG_CXX_LANGUAGE_STANDARD = "gnu++14";
				CLANG_CXX_LIBRARY = "libc++";
				CLANG_ENABLE_MODULES = YES;
				CLANG_ENABLE_OBJC_ARC = YES;
				CLANG_ENABLE_OBJC_WEAK = YES;
				CLANG_WARN_BLOCK_CAPTURE_AUTORELEASING = YES;
				CLANG_WARN_BOOL_CONVERSION = YES;
				CLANG_WARN_COMMA = YES;
				CLANG_WARN_CONSTANT_CONVERSION = YES;
				CLANG_WARN_DEPRECATED_OBJC_IMPLEMENTATIONS = YES;
				CLANG_WARN_DIRECT_OBJC_ISA_USAGE = YES_ERROR;
				CLANG_WARN_DOCUMENTATION_COMMENTS = YES;
				CLANG_WARN_EMPTY_BODY = YES;
				CLANG_WARN_ENUM_CONVERSION = YES;
				CLANG_WARN_INFINITE_RECURSION = YES;
				CLANG_WARN_INT_CONVERSION = YES;
				CLANG_WARN_NON_LITERAL_NULL_CONVERSION = YES;
				CLANG_WARN_OBJC_IMPLICIT_RETAIN_SELF = YES;
				CLANG_WARN_OBJC_LITERAL_CONVERSION = YES;
				CLANG_WARN_OBJC_ROOT_CLASS = YES_ERROR;
				CLANG_WARN_RANGE_LOOP_ANALYSIS = YES;
				CLANG_WARN_STRICT_PROTOTYPES = YES;
				CLANG_WARN_SUSPICIOUS_MOVE = YES;
				CLANG_WARN_UNGUARDED_AVAILABILITY = YES_AGGRESSIVE;
				CLANG_WARN_UNREACHABLE_CODE = YES;
				CLANG_WARN__DUPLICATE_METHOD_MATCH = YES;
				CODE_SIGN_IDENTITY = "-";
				COPY_PHASE_STRIP = NO;
				DEBUG_INFORMATION_FORMAT = "dwarf-with-dsym";
				ENABLE_NS_ASSERTIONS = NO;
				ENABLE_STRICT_OBJC_MSGSEND = YES;
				GCC_C_LANGUAGE_STANDARD = gnu11;
				GCC_NO_COMMON_BLOCKS = YES;
				GCC_WARN_64_TO_32_BIT_CONVERSION = YES;
				GCC_WARN_ABOUT_RETURN_TYPE = YES_ERROR;
				GCC_WARN_UNDECLARED_SELECTOR = YES;
				GCC_WARN_UNINITIALIZED_AUTOS = YES_AGGRESSIVE;
				GCC_WARN_UNUSED_FUNCTION = YES;
				GCC_WARN_UNUSED_VARIABLE = YES;
				MACOSX_DEPLOYMENT_TARGET = 10.14;
				MTL_ENABLE_DEBUG_INFO = NO;
				MTL_FAST_MATH = YES;
				SDKROOT = macosx;
			};
			name = Release;
		};
		9CC93E8521F2CF4C00A2914B /* Debug */ = {
			isa = XCBuildConfiguration;
			buildSettings = {
				CODE_SIGN_STYLE = Automatic;
				PRODUCT_NAME = "$(TARGET_NAME)";
			};
			name = Debug;
		};
		9CC93E8621F2CF4C00A2914B /* Release */ = {
			isa = XCBuildConfiguration;
			buildSettings = {
				CODE_SIGN_STYLE = Automatic;
				PRODUCT_NAME = "$(TARGET_NAME)";
			};
			name = Release;
		};
		9CC93E9F21F2D0BA00A2914B /* Debug */ = {
			isa = XCBuildConfiguration;
			buildSettings = {
				CODE_SIGN_STYLE = Automatic;
				PRODUCT_NAME = "$(TARGET_NAME)";
			};
			name = Debug;
		};
		9CC93EA021F2D0BA00A2914B /* Release */ = {
			isa = XCBuildConfiguration;
			buildSettings = {
				CODE_SIGN_STYLE = Automatic;
				PRODUCT_NAME = "$(TARGET_NAME)";
			};
			name = Release;
		};
		9CC93EAD21F2D0DD00A2914B /* Debug */ = {
			isa = XCBuildConfiguration;
			buildSettings = {
				CODE_SIGN_STYLE = Automatic;
				PRODUCT_NAME = "$(TARGET_NAME)";
			};
			name = Debug;
		};
		9CC93EAE21F2D0DD00A2914B /* Release */ = {
			isa = XCBuildConfiguration;
			buildSettings = {
				CODE_SIGN_STYLE = Automatic;
				PRODUCT_NAME = "$(TARGET_NAME)";
			};
			name = Release;
		};
		9CC93EC721F2D1DE00A2914B /* Debug */ = {
			isa = XCBuildConfiguration;
			buildSettings = {
				CODE_SIGN_STYLE = Automatic;
				PRODUCT_NAME = "$(TARGET_NAME)";
			};
			name = Debug;
		};
		9CC93EC821F2D1DE00A2914B /* Release */ = {
			isa = XCBuildConfiguration;
			buildSettings = {
				CODE_SIGN_STYLE = Automatic;
				PRODUCT_NAME = "$(TARGET_NAME)";
			};
			name = Release;
		};
/* End XCBuildConfiguration section */

/* Begin XCConfigurationList section */
		9CC93E7821F2CF4C00A2914B /* Build configuration list for PBXProject "Homework1" */ = {
			isa = XCConfigurationList;
			buildConfigurations = (
				9CC93E8221F2CF4C00A2914B /* Debug */,
				9CC93E8321F2CF4C00A2914B /* Release */,
			);
			defaultConfigurationIsVisible = 0;
			defaultConfigurationName = Release;
		};
		9CC93E8421F2CF4C00A2914B /* Build configuration list for PBXNativeTarget "Homework1" */ = {
			isa = XCConfigurationList;
			buildConfigurations = (
				9CC93E8521F2CF4C00A2914B /* Debug */,
				9CC93E8621F2CF4C00A2914B /* Release */,
			);
			defaultConfigurationIsVisible = 0;
			defaultConfigurationName = Release;
		};
		9CC93E9E21F2D0BA00A2914B /* Build configuration list for PBXNativeTarget "Set" */ = {
			isa = XCConfigurationList;
			buildConfigurations = (
				9CC93E9F21F2D0BA00A2914B /* Debug */,
				9CC93EA021F2D0BA00A2914B /* Release */,
			);
			defaultConfigurationIsVisible = 0;
			defaultConfigurationName = Release;
		};
		9CC93EAC21F2D0DD00A2914B /* Build configuration list for PBXNativeTarget "newSet" */ = {
			isa = XCConfigurationList;
			buildConfigurations = (
				9CC93EAD21F2D0DD00A2914B /* Debug */,
				9CC93EAE21F2D0DD00A2914B /* Release */,
			);
			defaultConfigurationIsVisible = 0;
			defaultConfigurationName = Release;
		};
		9CC93EC621F2D1DE00A2914B /* Build configuration list for PBXNativeTarget "SSNSet" */ = {
			isa = XCConfigurationList;
			buildConfigurations = (
				9CC93EC721F2D1DE00A2914B /* Debug */,
				9CC93EC821F2D1DE00A2914B /* Release */,
			);
			defaultConfigurationIsVisible = 0;
			defaultConfigurationName = Release;
		};
/* End XCConfigurationList section */
	};
	rootObject = 9CC93E7521F2CF4C00A2914B /* Project object */;
}
